version = "0"

[dependency]
  base_sdk = [{ installer = "conan", ref = "base_sdk/2026.6.0@silabs#a804a13d1e8eac07aa3e2b923dd34b5e", type = "sdk", version = "2026.6.0" }]
  boards = [{ installer = "conan", ref = "boards/1.1.0@silabs#1a006fda94fe4e7dbf6f970fbbed0ed1", type = "sdk", version = "1.1.0" }]
  bootloader = [{ installer = "conan", ref = "bootloader/3.3.0@silabs#1d4c743e2053ef88d7a4f0628ef844c4", type = "sdk", version = "3.3.0" }]
  cmsis = [{ installer = "conan", ref = "cmsis/1.1.0@silabs#ffa80dea438cc109c927f807fda3d505", type = "sdk", version = "1.1.0" }]
  commander = [{ installer = "archive", type = "apack", version = "1.23.1" }]
  coremark = [{ installer = "conan", ref = "coremark/1.1.0@silabs#18f9ee91c773959888b0ca1fa914139a", type = "sdk", version = "1.1.0" }]
  cpc = [{ installer = "conan", ref = "cpc/4.9.0-alpha.22@silabs#df720c75f12e6b56758a74ee7994c89d178481e9", type = "sdk", version = "4.9.0-alpha.22" }]
  delta_dfu = [{ installer = "conan", ref = "delta_dfu/1.1.0@silabs#1ebba4a316f35b36228125a8942d772c72943ec6", type = "sdk", version = "1.1.0" }]
  freertos = [{ installer = "conan", ref = "freertos/1.1.0@silabs#569d0efea37d7f43ece741c352b9df88", type = "sdk", version = "1.1.0" }]
  gcc-arm-none-eabi = [{ installer = "conan", ref = "gcc-arm-none-eabi/14.2.rel1@silabs#7a5e7220af325e610937338dde99651b", type = "toolchain", version = "14.2.rel1" }]
  java21 = [{ installer = "archive", type = "tools", version = "21.0.6" }]
  mbedtls = [{ installer = "conan", ref = "mbedtls/1.1.0@silabs#cba94f7268f06decdea70e7c6aa07c37", type = "sdk", version = "1.1.0" }]
  micriumos = [{ installer = "conan", ref = "micriumos/6.1.0@silabs#690711e09534755dc2dc85cf7e2dc2a8", type = "sdk", version = "6.1.0" }]
  platform = [{ installer = "conan", ref = "platform/6.1.0-alpha.57@silabs#502e5f9ed09b6d1bf4213a88e110e2ef", type = "sdk", version = "6.1.0-alpha.57" }]
  platform_core = [{ installer = "conan", ref = "platform_core/1.1.0@silabs#08899f30964ce7672026c1d7ef3d2ba2", type = "sdk", version = "1.1.0" }]
  printf = [{ installer = "conan", ref = "printf/1.1.0@silabs#fe75a71a35412431d99f4848883c965b", type = "sdk", version = "1.1.0" }]
  python = [{ installer = "archive", type = "apack", version = "3.10.1" }]
  security_libcryptosoc = [{ installer = "conan", ref = "security_libcryptosoc/1.1.0@silabs#a41bcce963865004cdd183d9f003fd37", type = "sdk", version = "1.1.0" }]
  security_sxsymcrypt = [{ installer = "conan", ref = "security_sxsymcrypt/1.1.0@silabs#a9053c3f70f2a4f66d827993bac5bb2b", type = "sdk", version = "1.1.0" }]
  security_tfm = [{ installer = "conan", ref = "security_tfm/1.1.0@silabs#b76dd871fe6a57faeeda2f99fcfdbca4", type = "sdk", version = "1.1.0" }]
  segger = [{ installer = "conan", ref = "segger/1.1.0@silabs#0c8511a741b968fe160e1898da7957ba", type = "sdk", version = "1.1.0" }]
  slc-cli = [{ installer = "archive", type = "tools", version = "6.0.20" }]
  unity_test_framework = [{ installer = "conan", ref = "unity_test_framework/1.1.0@silabs#f418a9460d44f860469de8d9aba3d723", type = "sdk", version = "1.1.0" }]
  usb = [{ installer = "conan", ref = "usb/1.7.0@silabs#7cbc8f1f2a9d31ac04595a1be7d0ba9f", type = "sdk", version = "1.7.0" }]

[engine]
  conan-repos = [
    "https://artifactory.silabs.net/artifactory/api/conan/cpc-conan-sqa",
    "https://artifactory-local.silabs.net/artifactory/api/conan/silabs-conan-production",
    "https://conan.silabs.net",
  ]
