version = "0"

[dependency]
  base_sdk = [{ installer = "conan", ref = "base_sdk/2025.12.0@silabs#6e8af71889775989595452bdf8f64bc2", type = "sdk", version = "2025.12.0" }]
  bgapi_protocol = [{ installer = "conan", ref = "bgapi_protocol/11.0.0-rc.1@silabs#5ca2b070bca5767f28b0ec32941ed12725b3ef20", type = "sdk", version = "11.0.0-rc.1" }]
  bluetooth_apploader = [{ installer = "conan", ref = "bluetooth_apploader/11.0.0-rc.1@silabs#5ca2b070bca5767f28b0ec32941ed12725b3ef20", type = "sdk", version = "11.0.0-rc.1" }]
  bluetooth_bgbuild = [{ installer = "conan", ref = "bluetooth_bgbuild/11.0.0-rc.1@silabs#5ca2b070bca5767f28b0ec32941ed12725b3ef20", type = "sdk", version = "11.0.0-rc.1" }]
  bluetooth_common = [{ installer = "conan", ref = "bluetooth_common/1.0.0-rc.1@silabs#5ca2b070bca5767f28b0ec32941ed12725b3ef20", type = "sdk", version = "1.0.0-rc.1" }]
  bluetooth_le_controller = [{ installer = "conan", ref = "bluetooth_le_controller/11.0.0-rc.1@silabs#5ca2b070bca5767f28b0ec32941ed12725b3ef20", type = "sdk", version = "11.0.0-rc.1" }]
  bluetooth_le_host = [{ installer = "conan", ref = "bluetooth_le_host/11.0.0-rc.1@silabs#5ca2b070bca5767f28b0ec32941ed12725b3ef20", type = "sdk", version = "11.0.0-rc.1" }]
  bluetooth_le_middleware = [{ installer = "conan", ref = "bluetooth_le_middleware/11.0.0-beta.41@silabs#50ac356bbd97e1778a113285ad022fa5d4d0dbc6", type = "sdk", version = "11.0.0-beta.41" }]
  board_drivers = [{ installer = "conan", ref = "board_drivers/1.0.0@silabs#c71c5dd245bbe537b5df0da000a75ada", type = "sdk", version = "1.0.0" }]
  boards = [{ installer = "conan", ref = "boards/1.0.0@silabs#a2923a105ad7eea3d4af33456ba8f6e5", type = "sdk", version = "1.0.0" }]
  bootloader = [{ installer = "conan", ref = "bootloader/1.0.0@silabs#a14ef1efe4eaebe2b808f67d39b47e64", type = "sdk", version = "1.0.0" }]
  bootloader_interface = [{ installer = "conan", ref = "bootloader_interface/1.0.0@silabs#fcec2ad15eb4d9b8702ad58aae1271e7", type = "sdk", version = "1.0.0" }]
  bootloader_interface_trustzone = [{ installer = "conan", ref = "bootloader_interface_trustzone/1.0.0@silabs#240c32d299b55a07da701baf538d8343", type = "sdk", version = "1.0.0" }]
  cmsis = [{ installer = "conan", ref = "cmsis/1.0.0@silabs#65c0fc6caaaa240bcb00c31a4a5de5eb", type = "sdk", version = "1.0.0" }]
  cmsis_common = [{ installer = "conan", ref = "cmsis_common/1.0.0@silabs#b2e3b413f4736f92da1f0e8ee0bb0a91", type = "sdk", version = "1.0.0" }]
  cmsis_dsp = [{ installer = "conan", ref = "cmsis_dsp/1.15.0@silabs#087b63af01f225db43de584c21988626fa48c280", type = "sdk", version = "1.15.0" }]
  commander = [{ installer = "archive", type = "apack", version = "1.22.0" }]
  common_15_4 = [{ installer = "conan", ref = "common_15_4/1.0.0-alpha.3@silabs#d730a0b366a8bb082cb73621a1ae985381beda50", type = "sdk", version = "1.0.0-alpha.3" }]
  coremark = [{ installer = "conan", ref = "coremark/1.0.0@silabs#343a2e008990521d9be761680522b4ea", type = "sdk", version = "1.0.0" }]
  cpc = [{ installer = "conan", ref = "cpc/4.8.0-beta.2@silabs#d4e210c0ef7ddab81501b5bd3fb6b5def362f382", type = "sdk", version = "4.8.0-beta.2" }]
  cslib = [{ installer = "conan", ref = "cslib/1.0.0@silabs#1698b7d934684a29cea629f83ec539ea", type = "sdk", version = "1.0.0" }]
  delta_dfu = [{ installer = "conan", ref = "delta_dfu/1.1.0-rc.3@silabs#1ebba4a316f35b36228125a8942d772c72943ec6", type = "sdk", version = "1.1.0-rc.3" }]
  devices = [{ installer = "conan", ref = "devices/1.0.0@silabs#ec794d305f601ea7deb8fdd2ff086651", type = "sdk", version = "1.0.0" }]
  freertos = [{ installer = "conan", ref = "freertos/1.0.0@silabs#2a60d5f8849a3e0e6d92b760cdd1e846", type = "sdk", version = "1.0.0" }]
  gcc-arm-none-eabi = [{ installer = "conan", ref = "gcc-arm-none-eabi/12.2.rel1@silabs#ae1178bdc0132d9a4ecbdda761d086ea", type = "toolchain", version = "12.2.rel1" }]
  glib = [{ installer = "conan", ref = "glib/1.0.0@silabs#939887fee635ec153f39ef5df3d79a63", type = "sdk", version = "1.0.0" }]
  java21 = [{ installer = "archive", type = "tools", version = "21.0.5" }]
  micriumos = [{ installer = "conan", ref = "micriumos/6.0.0@silabs#e8fc82403d9c4266a3d89bdebb7970ce", type = "sdk", version = "6.0.0" }]
  pintool = [{ installer = "conan", ref = "pintool/1.0.0@silabs#e24952147df5b6e1b91838b953cc1f9c", type = "sdk", version = "1.0.0" }]
  platform = [{ installer = "conan", ref = "platform/6.0.0-rc.5@silabs#843c4fd663d32736ea9ed785438c90ea", type = "sdk", version = "6.0.0-rc.5" }]
  platform_common = [{ installer = "conan", ref = "platform_common/1.0.0@silabs#f79798df6e82afa6cf45733e371e7f7a", type = "sdk", version = "1.0.0" }]
  platform_common_apps = [{ installer = "conan", ref = "platform_common_apps/1.0.0@silabs#9d2628f10f80c790a732ef26fde5d98c", type = "sdk", version = "1.0.0" }]
  platform_core = [{ installer = "conan", ref = "platform_core/1.0.0@silabs#408de3b693459aaa24dc074321ed3090", type = "sdk", version = "1.0.0" }]
  printf = [{ installer = "conan", ref = "printf/1.0.0@silabs#271eb7b8622d329a952f23063eab689f", type = "sdk", version = "1.0.0" }]
  python = [{ installer = "archive", type = "apack", version = "3.10.1" }]
  rail_library = [{ installer = "conan", ref = "rail_library/3.0.0-beta.16@silabs#718fa74f8b629f5f9776d9704248137a348b7f81", type = "sdk", version = "3.0.0-beta.16" }]
  realtime_locationing = [{ installer = "conan", ref = "realtime_locationing/11.0.0-beta.1@silabs#eb2f188f071cf8a0356bf25f8ddc3d6e68772633", type = "sdk", version = "11.0.0-beta.1" }]
  security_libcryptosoc = [{ installer = "conan", ref = "security_libcryptosoc/1.0.0@silabs#8cb05dfad408387f87d20937b51ae748", type = "sdk", version = "1.0.0" }]
  security_mbedtls = [{ installer = "conan", ref = "security_mbedtls/1.0.0@silabs#a905157a4cfb1a91dc34344154f0c55d", type = "sdk", version = "1.0.0" }]
  security_mbedtls_source = [{ installer = "conan", ref = "security_mbedtls_source/1.0.0@silabs#03a8817c55e8ba0ab4081aedab5e2871", type = "sdk", version = "1.0.0" }]
  security_se_cpc = [{ installer = "conan", ref = "security_se_cpc/1.0.0@silabs#4ed3f5f4378ece9392a2101f9fde22eb", type = "sdk", version = "1.0.0" }]
  security_se_manager = [{ installer = "conan", ref = "security_se_manager/1.0.0@silabs#83240cad50679a98b0fa58beb6cfcb4d", type = "sdk", version = "1.0.0" }]
  security_sxsymcrypt = [{ installer = "conan", ref = "security_sxsymcrypt/1.0.0@silabs#40ab24f6dd287a5ce0075db8e7a7a0a4", type = "sdk", version = "1.0.0" }]
  security_tfm = [{ installer = "conan", ref = "security_tfm/1.0.0@silabs#ee201c6fc20159d3a9bd894cf0cd9c77", type = "sdk", version = "1.0.0" }]
  security_trustzone = [{ installer = "conan", ref = "security_trustzone/1.0.0@silabs#9e7dc30daa3687092d356655c7cfa720", type = "sdk", version = "1.0.0" }]
  segger = [{ installer = "conan", ref = "segger/1.0.0@silabs#901f94a7ccbf625ff842620588fc97eb", type = "sdk", version = "1.0.0" }]
  slc-cli = [{ installer = "archive", type = "tools", version = "6.0.15" }]
  unity_test_framework = [{ installer = "conan", ref = "unity_test_framework/1.0.0@silabs#861d729761c49a68604719d027338e4e", type = "sdk", version = "1.0.0" }]
  usb = [{ installer = "conan", ref = "usb/1.0.0@silabs#2f2b99e92eb9521760434d959b624896", type = "sdk", version = "1.0.0" }]
  zap = [{ installer = "archive", type = "apack", version = "2025.12.02" }]
  zigbee = [{ installer = "conan", ref = "zigbee/9.0.0-beta.12@silabs#7d9d3cf5479c64a329c83d67176c7c34bfd0173f", type = "sdk", version = "9.0.0-beta.12" }]

[engine]
  conan-repos = [
    "https://artifactory.silabs.net/artifactory/api/conan/nwk-15-4-conan-sqa",
    "https://artifactory.silabs.net/artifactory/api/conan/silabs-conan-production",
    "https://artifactory.silabs.net/artifactory/api/conan/nwk-15-4-conan-dev",
    "https://artifactory-local.silabs.net/artifactory/api/conan/studio-conan-development",
    "https://conan.silabs.net",
  ]
