version = "0"

[dependency]
  base_sdk = [{version = "2026.6.1", installer = "conan", type = "sdk", ref = "base_sdk/2026.6.1@silabs#81c154a32241f3ac1b471f511ce18793"}]
  bgapi_protocol = [{version = "11.1.1-rc.1", installer = "conan", type = "sdk", ref = "bgapi_protocol/11.1.1-rc.1@silabs#d0e3c657f01571ec854739f4e0aca2110678aaa7"}]
  bluetooth_bgbuild = [{version = "11.1.1-rc.1", installer = "conan", type = "sdk", ref = "bluetooth_bgbuild/11.1.1-rc.1@silabs#d0e3c657f01571ec854739f4e0aca2110678aaa7"}]
  bluetooth_common = [{version = "1.1.1-rc.1", installer = "conan", type = "sdk", ref = "bluetooth_common/1.1.1-rc.1@silabs#d0e3c657f01571ec854739f4e0aca2110678aaa7"}]
  bluetooth_le_controller = [{version = "11.1.1-rc.1", installer = "conan", type = "sdk", ref = "bluetooth_le_controller/11.1.1-rc.1@silabs#d0e3c657f01571ec854739f4e0aca2110678aaa7"}]
  bluetooth_le_host = [{version = "11.1.1-rc.1", installer = "conan", type = "sdk", ref = "bluetooth_le_host/11.1.1-rc.1@silabs#d0e3c657f01571ec854739f4e0aca2110678aaa7"}]
  boards = [{version = "1.1.1", installer = "conan", type = "sdk", ref = "boards/1.1.1@silabs#e419c800f5baba7fa2f42b397c60e565"}]
  bootloader = [{version = "3.3.1", installer = "conan", type = "sdk", ref = "bootloader/3.3.1@silabs#8e9d3cc71edf10c8c16ef1217e4315d3"}]
  cmake = [{version = "3.30.2", installer = "conan", type = "apack", ref = "cmake/3.30.2@silabs#8798657aa78b2da38a3ae465f2d10090"}]
  cmsis = [{version = "1.1.0", installer = "conan", type = "sdk", ref = "cmsis/1.1.0@silabs#561756064833a57683d80a650d78fe31"}]
  common_15_4 = [{version = "1.1.1-alpha.1", installer = "conan", type = "sdk", ref = "common_15_4/1.1.1-alpha.1@silabs#24b92466103df35fc6344caaec595b88f7709074"}]
  coremark = [{version = "1.1.0", installer = "conan", type = "sdk", ref = "coremark/1.1.0@silabs#18f9ee91c773959888b0ca1fa914139a"}]
  cpc = [{version = "4.9.1-alpha.1", installer = "conan", type = "sdk", ref = "cpc/4.9.1-alpha.1@silabs#1132f21b5672c61da51c64cb1149e4f718bf48a8"}]
  delta_dfu = [{version = "1.1.0", installer = "conan", type = "sdk", ref = "delta_dfu/1.1.0@silabs#1ebba4a316f35b36228125a8942d772c72943ec6"}]
  freertos = [{version = "1.1.0", installer = "conan", type = "sdk", ref = "freertos/1.1.0@silabs#be38adcbcedd1ae236a70a9d2c66d908"}]
  gcc-arm-none-eabi = [{version = "14.2.rel1", installer = "conan", type = "toolchain", ref = "gcc-arm-none-eabi/14.2.rel1@silabs#7a5e7220af325e610937338dde99651b"}]
  llvm-arm-toolchain-for-embedded = [{version = "21.1.1", installer = "conan", type = "toolchain", ref = "llvm-arm-toolchain-for-embedded/21.1.1@silabs#877f3e0faf9658c618b4c2fe80bbb9fa"}]
  mbedtls = [{version = "1.1.1", installer = "conan", type = "sdk", ref = "mbedtls/1.1.1@silabs#2af96ad52aeaa78e6c98121dce46da71"}]
  micriumos = [{version = "6.1.1", installer = "conan", type = "sdk", ref = "micriumos/6.1.1@silabs#3aebe81f48c4ed7ca2cff4eeb4d50471"}]
  multiprotocol = [{version = "1.1.1-alpha.5", installer = "conan", type = "sdk", ref = "multiprotocol/1.1.1-alpha.5@silabs#e1d9ba6ca1d423f8ab26ba0144fe85984090b856"}]
  ninja = [{version = "1.12.1", installer = "conan", type = "apack", ref = "ninja/1.12.1@silabs#9ce59e07a142d4da1c532b49742fe16d"}]
  openthread = [{version = "3.1.1-alpha.3", installer = "conan", type = "sdk", ref = "openthread/3.1.1-alpha.3@silabs#55c12a301849d6d16d4a263dc29a25a05f75061a"}]
  openthread_stack = [{version = "3.1.1-alpha.3", installer = "conan", type = "sdk", ref = "openthread_stack/3.1.1-alpha.3@silabs#55c12a301849d6d16d4a263dc29a25a05f75061a"}]
  platform = [{version = "6.1.1-beta.11", installer = "conan", type = "sdk", ref = "platform/6.1.1-beta.11@silabs#4f0150f41bf0562ccf16baeabe89a281"}]
  platform_core = [{version = "1.1.1", installer = "conan", type = "sdk", ref = "platform_core/1.1.1@silabs#507cc87ce2e7b84c8206b6f1b51f6808"}]
  printf = [{version = "1.1.0", installer = "conan", type = "sdk", ref = "printf/1.1.0@silabs#fe75a71a35412431d99f4848883c965b"}]
  rail_library = [{version = "3.1.1-rc.6", installer = "conan", type = "sdk", ref = "rail_library/3.1.1-rc.6@silabs#defcc26523b136f5c150afe36da4695275e54248"}]
  security_libcryptosoc = [{version = "1.1.0", installer = "conan", type = "sdk", ref = "security_libcryptosoc/1.1.0@silabs#a41bcce963865004cdd183d9f003fd37"}]
  security_sxsymcrypt = [{version = "1.1.0", installer = "conan", type = "sdk", ref = "security_sxsymcrypt/1.1.0@silabs#a9053c3f70f2a4f66d827993bac5bb2b"}]
  security_tfm = [{version = "1.1.1", installer = "conan", type = "sdk", ref = "security_tfm/1.1.1@silabs#ce129232b56196216c7082faa6631fb3"}]
  segger = [{version = "1.1.0", installer = "conan", type = "sdk", ref = "segger/1.1.0@silabs#6559985830a5b6662a7a588e9823fb99"}]
  unity_test_framework = [{version = "1.1.0", installer = "conan", type = "sdk", ref = "unity_test_framework/1.1.0@silabs#f418a9460d44f860469de8d9aba3d723"}]
  usb = [{version = "1.7.1", installer = "conan", type = "sdk", ref = "usb/1.7.1@silabs#781aef6b72880c6130dc03201180bbcb"}]
  commander = [{version = "1.24.3", installer = "archive", type = "apack"}]
  slc-cli = [{version = "6.0.23", installer = "archive", type = "tools"}]
  python = [{version = "3.10.3", installer = "archive", type = "tools"}]
  java21 = [{version = "21.0.6", installer = "archive", type = "tools"}]

[engine]
  conan-repos = [
    "https://artifactory.silabs.net/artifactory/api/conan/silabs-conan-production",
    "https://artifactory.silabs.net/artifactory/api/conan/nwk-15-4-conan-dev",
  ]

[settings]
  dependency-check = "true"

